{
  "name": "lotteryul",
  "lockfileVersion": 3,
  "requires": true,
  "packages": {
    "": {
      "dependencies": {
        "@ethersproject/shims": "^5.7.0",
        "metamask-react": "^2.6.0"
      }
    },
    "node_modules/@ethersproject/shims": {
      "version": "5.7.0",
      "resolved": "https://registry.npmjs.org/@ethersproject/shims/-/shims-5.7.0.tgz",
      "integrity": "sha512-WeDptc6oAprov5CCN2LJ/6/+dC9gTonnkdAtLepm/7P5Z+3PRxS5NpfVWmOMs1yE4Vitl2cU8bOPWC0GvGSbVg==",
      "funding": [
        {
          "type": "individual",
          "url": "https://gitcoin.co/grants/13/ethersjs-complete-simple-and-tiny-2"
        },
        {
          "type": "individual",
          "url": "https://www.buymeacoffee.com/ricmoo"
        }
      ]
    },
    "node_modules/metamask-react": {
      "version": "2.6.0",
      "resolved": "https://registry.npmjs.org/metamask-react/-/metamask-react-2.6.0.tgz",
      "integrity": "sha512-pWlIyiV1C6ztRTzy1CPEqYgA3ZgVfOMLXzKs2jenGJ2ZF+L6wXwRp5cU82q+r/YwyzrWUxMNwoEwNxtzYUtbEg=="
    }
  }
}
